
Microsoft Visual Studio Solution File, Format Version 12.00
# Visual Studio Version 16
VisualStudioVersion = 16.0.29728.190
MinimumVisualStudioVersion = 10.0.40219.1
Project("{8BC9CEB8-8B4A-11D0-8D11-00A0C91BC942}") = "ALL_BUILD", "ALL_BUILD.vcxproj", "{C2C9AE18-B7AC-321D-A23A-EFBB72F0205E}"
	ProjectSection(ProjectDependencies) = postProject
		{0CBA520C-713E-33D6-9E5F-9B432F57CB4D} = {0CBA520C-713E-33D6-9E5F-9B432F57CB4D}
		{8AE6E01E-561F-397A-B601-B1E41D60800F} = {8AE6E01E-561F-397A-B601-B1E41D60800F}
		{CE7A9424-C04E-34AE-8A64-0A8D6F7698D6} = {CE7A9424-C04E-34AE-8A64-0A8D6F7698D6}
		{F8E8B735-4E70-3373-966B-6B62944B8808} = {F8E8B735-4E70-3373-966B-6B62944B8808}
		{EA9A525F-A4DE-3635-B030-4345149901C9} = {EA9A525F-A4DE-3635-B030-4345149901C9}
		{8DB6A6DF-65D9-3FDD-9E11-761E59B00DE9} = {8DB6A6DF-65D9-3FDD-9E11-761E59B00DE9}
		{0540D0E1-CFF3-3C87-B1C3-1394468CD0B7} = {0540D0E1-CFF3-3C87-B1C3-1394468CD0B7}
		{0B6004FB-32E3-3E9D-B6B7-67A44C5FEAE9} = {0B6004FB-32E3-3E9D-B6B7-67A44C5FEAE9}
	EndProjectSection
EndProject
Project("{8BC9CEB8-8B4A-11D0-8D11-00A0C91BC942}") = "INSTALL", "INSTALL.vcxproj", "{9F17B239-6658-33C2-8315-BA215BD391F5}"
	ProjectSection(ProjectDependencies) = postProject
		{C2C9AE18-B7AC-321D-A23A-EFBB72F0205E} = {C2C9AE18-B7AC-321D-A23A-EFBB72F0205E}
		{0540D0E1-CFF3-3C87-B1C3-1394468CD0B7} = {0540D0E1-CFF3-3C87-B1C3-1394468CD0B7}
	EndProjectSection
EndProject
Project("{8BC9CEB8-8B4A-11D0-8D11-00A0C91BC942}") = "PrintLib", "Library\PrintLib.vcxproj", "{CE7A9424-C04E-34AE-8A64-0A8D6F7698D6}"
	ProjectSection(ProjectDependencies) = postProject
		{0540D0E1-CFF3-3C87-B1C3-1394468CD0B7} = {0540D0E1-CFF3-3C87-B1C3-1394468CD0B7}
	EndProjectSection
EndProject
Project("{8BC9CEB8-8B4A-11D0-8D11-00A0C91BC942}") = "RakNetDLL", "external\raknet\Lib\DLL\RakNetDLL.vcxproj", "{F8E8B735-4E70-3373-966B-6B62944B8808}"
	ProjectSection(ProjectDependencies) = postProject
		{0540D0E1-CFF3-3C87-B1C3-1394468CD0B7} = {0540D0E1-CFF3-3C87-B1C3-1394468CD0B7}
	EndProjectSection
EndProject
Project("{8BC9CEB8-8B4A-11D0-8D11-00A0C91BC942}") = "RakNetLibStatic", "external\raknet\Lib\LibStatic\RakNetLibStatic.vcxproj", "{8AE6E01E-561F-397A-B601-B1E41D60800F}"
	ProjectSection(ProjectDependencies) = postProject
		{0540D0E1-CFF3-3C87-B1C3-1394468CD0B7} = {0540D0E1-CFF3-3C87-B1C3-1394468CD0B7}
	EndProjectSection
EndProject
Project("{8BC9CEB8-8B4A-11D0-8D11-00A0C91BC942}") = "SDL2", "external\sdl\SDL2.vcxproj", "{8DB6A6DF-65D9-3FDD-9E11-761E59B00DE9}"
	ProjectSection(ProjectDependencies) = postProject
		{0540D0E1-CFF3-3C87-B1C3-1394468CD0B7} = {0540D0E1-CFF3-3C87-B1C3-1394468CD0B7}
	EndProjectSection
EndProject
Project("{8BC9CEB8-8B4A-11D0-8D11-00A0C91BC942}") = "SDL2-static", "external\sdl\SDL2-static.vcxproj", "{EA9A525F-A4DE-3635-B030-4345149901C9}"
	ProjectSection(ProjectDependencies) = postProject
		{0540D0E1-CFF3-3C87-B1C3-1394468CD0B7} = {0540D0E1-CFF3-3C87-B1C3-1394468CD0B7}
	EndProjectSection
EndProject
Project("{8BC9CEB8-8B4A-11D0-8D11-00A0C91BC942}") = "SDL2main", "external\sdl\SDL2main.vcxproj", "{0B6004FB-32E3-3E9D-B6B7-67A44C5FEAE9}"
	ProjectSection(ProjectDependencies) = postProject
		{0540D0E1-CFF3-3C87-B1C3-1394468CD0B7} = {0540D0E1-CFF3-3C87-B1C3-1394468CD0B7}
	EndProjectSection
EndProject
Project("{8BC9CEB8-8B4A-11D0-8D11-00A0C91BC942}") = "ZERO_CHECK", "ZERO_CHECK.vcxproj", "{0540D0E1-CFF3-3C87-B1C3-1394468CD0B7}"
EndProject
Project("{8BC9CEB8-8B4A-11D0-8D11-00A0C91BC942}") = "test-cmake-proj", "test-cmake-proj.vcxproj", "{0CBA520C-713E-33D6-9E5F-9B432F57CB4D}"
EndProject
Project("{8BC9CEB8-8B4A-11D0-8D11-00A0C91BC942}") = "uninstall", "external\sdl\uninstall.vcxproj", "{F43DB2B9-A821-3CE4-B71E-980554D79624}"
	ProjectSection(ProjectDependencies) = postProject
		{0540D0E1-CFF3-3C87-B1C3-1394468CD0B7} = {0540D0E1-CFF3-3C87-B1C3-1394468CD0B7}
	EndProjectSection
EndProject
Global
	GlobalSection(SolutionConfigurationPlatforms) = preSolution
		Debug|x64 = Debug|x64
		MinSizeRel|x64 = MinSizeRel|x64
		Release|x64 = Release|x64
		RelWithDebInfo|x64 = RelWithDebInfo|x64
	EndGlobalSection
	GlobalSection(ProjectConfigurationPlatforms) = postSolution
		{C2C9AE18-B7AC-321D-A23A-EFBB72F0205E}.Debug|x64.ActiveCfg = Debug|x64
		{C2C9AE18-B7AC-321D-A23A-EFBB72F0205E}.MinSizeRel|x64.ActiveCfg = MinSizeRel|x64
		{C2C9AE18-B7AC-321D-A23A-EFBB72F0205E}.MinSizeRel|x64.Build.0 = MinSizeRel|x64
		{C2C9AE18-B7AC-321D-A23A-EFBB72F0205E}.Release|x64.ActiveCfg = Release|x64
		{C2C9AE18-B7AC-321D-A23A-EFBB72F0205E}.Release|x64.Build.0 = Release|x64
		{C2C9AE18-B7AC-321D-A23A-EFBB72F0205E}.RelWithDebInfo|x64.ActiveCfg = RelWithDebInfo|x64
		{C2C9AE18-B7AC-321D-A23A-EFBB72F0205E}.RelWithDebInfo|x64.Build.0 = RelWithDebInfo|x64
		{9F17B239-6658-33C2-8315-BA215BD391F5}.Debug|x64.ActiveCfg = Debug|x64
		{9F17B239-6658-33C2-8315-BA215BD391F5}.MinSizeRel|x64.ActiveCfg = MinSizeRel|x64
		{9F17B239-6658-33C2-8315-BA215BD391F5}.Release|x64.ActiveCfg = Release|x64
		{9F17B239-6658-33C2-8315-BA215BD391F5}.RelWithDebInfo|x64.ActiveCfg = RelWithDebInfo|x64
		{CE7A9424-C04E-34AE-8A64-0A8D6F7698D6}.Debug|x64.ActiveCfg = Debug|x64
		{CE7A9424-C04E-34AE-8A64-0A8D6F7698D6}.MinSizeRel|x64.ActiveCfg = MinSizeRel|x64
		{CE7A9424-C04E-34AE-8A64-0A8D6F7698D6}.MinSizeRel|x64.Build.0 = MinSizeRel|x64
		{CE7A9424-C04E-34AE-8A64-0A8D6F7698D6}.Release|x64.ActiveCfg = Release|x64
		{CE7A9424-C04E-34AE-8A64-0A8D6F7698D6}.Release|x64.Build.0 = Release|x64
		{CE7A9424-C04E-34AE-8A64-0A8D6F7698D6}.RelWithDebInfo|x64.ActiveCfg = RelWithDebInfo|x64
		{CE7A9424-C04E-34AE-8A64-0A8D6F7698D6}.RelWithDebInfo|x64.Build.0 = RelWithDebInfo|x64
		{F8E8B735-4E70-3373-966B-6B62944B8808}.Debug|x64.ActiveCfg = Debug|x64
		{F8E8B735-4E70-3373-966B-6B62944B8808}.MinSizeRel|x64.ActiveCfg = MinSizeRel|x64
		{F8E8B735-4E70-3373-966B-6B62944B8808}.MinSizeRel|x64.Build.0 = MinSizeRel|x64
		{F8E8B735-4E70-3373-966B-6B62944B8808}.Release|x64.ActiveCfg = Release|x64
		{F8E8B735-4E70-3373-966B-6B62944B8808}.Release|x64.Build.0 = Release|x64
		{F8E8B735-4E70-3373-966B-6B62944B8808}.RelWithDebInfo|x64.ActiveCfg = RelWithDebInfo|x64
		{F8E8B735-4E70-3373-966B-6B62944B8808}.RelWithDebInfo|x64.Build.0 = RelWithDebInfo|x64
		{8AE6E01E-561F-397A-B601-B1E41D60800F}.Debug|x64.ActiveCfg = Debug|x64
		{8AE6E01E-561F-397A-B601-B1E41D60800F}.MinSizeRel|x64.ActiveCfg = MinSizeRel|x64
		{8AE6E01E-561F-397A-B601-B1E41D60800F}.MinSizeRel|x64.Build.0 = MinSizeRel|x64
		{8AE6E01E-561F-397A-B601-B1E41D60800F}.Release|x64.ActiveCfg = Release|x64
		{8AE6E01E-561F-397A-B601-B1E41D60800F}.Release|x64.Build.0 = Release|x64
		{8AE6E01E-561F-397A-B601-B1E41D60800F}.RelWithDebInfo|x64.ActiveCfg = RelWithDebInfo|x64
		{8AE6E01E-561F-397A-B601-B1E41D60800F}.RelWithDebInfo|x64.Build.0 = RelWithDebInfo|x64
		{8DB6A6DF-65D9-3FDD-9E11-761E59B00DE9}.Debug|x64.ActiveCfg = Debug|x64
		{8DB6A6DF-65D9-3FDD-9E11-761E59B00DE9}.MinSizeRel|x64.ActiveCfg = MinSizeRel|x64
		{8DB6A6DF-65D9-3FDD-9E11-761E59B00DE9}.MinSizeRel|x64.Build.0 = MinSizeRel|x64
		{8DB6A6DF-65D9-3FDD-9E11-761E59B00DE9}.Release|x64.ActiveCfg = Release|x64
		{8DB6A6DF-65D9-3FDD-9E11-761E59B00DE9}.Release|x64.Build.0 = Release|x64
		{8DB6A6DF-65D9-3FDD-9E11-761E59B00DE9}.RelWithDebInfo|x64.ActiveCfg = RelWithDebInfo|x64
		{8DB6A6DF-65D9-3FDD-9E11-761E59B00DE9}.RelWithDebInfo|x64.Build.0 = RelWithDebInfo|x64
		{EA9A525F-A4DE-3635-B030-4345149901C9}.Debug|x64.ActiveCfg = Debug|x64
		{EA9A525F-A4DE-3635-B030-4345149901C9}.MinSizeRel|x64.ActiveCfg = MinSizeRel|x64
		{EA9A525F-A4DE-3635-B030-4345149901C9}.MinSizeRel|x64.Build.0 = MinSizeRel|x64
		{EA9A525F-A4DE-3635-B030-4345149901C9}.Release|x64.ActiveCfg = Release|x64
		{EA9A525F-A4DE-3635-B030-4345149901C9}.Release|x64.Build.0 = Release|x64
		{EA9A525F-A4DE-3635-B030-4345149901C9}.RelWithDebInfo|x64.ActiveCfg = RelWithDebInfo|x64
		{EA9A525F-A4DE-3635-B030-4345149901C9}.RelWithDebInfo|x64.Build.0 = RelWithDebInfo|x64
		{0B6004FB-32E3-3E9D-B6B7-67A44C5FEAE9}.Debug|x64.ActiveCfg = Debug|x64
		{0B6004FB-32E3-3E9D-B6B7-67A44C5FEAE9}.MinSizeRel|x64.ActiveCfg = MinSizeRel|x64
		{0B6004FB-32E3-3E9D-B6B7-67A44C5FEAE9}.MinSizeRel|x64.Build.0 = MinSizeRel|x64
		{0B6004FB-32E3-3E9D-B6B7-67A44C5FEAE9}.Release|x64.ActiveCfg = Release|x64
		{0B6004FB-32E3-3E9D-B6B7-67A44C5FEAE9}.Release|x64.Build.0 = Release|x64
		{0B6004FB-32E3-3E9D-B6B7-67A44C5FEAE9}.RelWithDebInfo|x64.ActiveCfg = RelWithDebInfo|x64
		{0B6004FB-32E3-3E9D-B6B7-67A44C5FEAE9}.RelWithDebInfo|x64.Build.0 = RelWithDebInfo|x64
		{0540D0E1-CFF3-3C87-B1C3-1394468CD0B7}.Debug|x64.ActiveCfg = Debug|x64
		{0540D0E1-CFF3-3C87-B1C3-1394468CD0B7}.MinSizeRel|x64.ActiveCfg = MinSizeRel|x64
		{0540D0E1-CFF3-3C87-B1C3-1394468CD0B7}.MinSizeRel|x64.Build.0 = MinSizeRel|x64
		{0540D0E1-CFF3-3C87-B1C3-1394468CD0B7}.Release|x64.ActiveCfg = Release|x64
		{0540D0E1-CFF3-3C87-B1C3-1394468CD0B7}.Release|x64.Build.0 = Release|x64
		{0540D0E1-CFF3-3C87-B1C3-1394468CD0B7}.RelWithDebInfo|x64.ActiveCfg = RelWithDebInfo|x64
		{0540D0E1-CFF3-3C87-B1C3-1394468CD0B7}.RelWithDebInfo|x64.Build.0 = RelWithDebInfo|x64
		{0CBA520C-713E-33D6-9E5F-9B432F57CB4D}.Debug|x64.ActiveCfg = Debug|x64
		{0CBA520C-713E-33D6-9E5F-9B432F57CB4D}.Debug|x64.Build.0 = Debug|x64
		{0CBA520C-713E-33D6-9E5F-9B432F57CB4D}.MinSizeRel|x64.ActiveCfg = MinSizeRel|x64
		{0CBA520C-713E-33D6-9E5F-9B432F57CB4D}.MinSizeRel|x64.Build.0 = MinSizeRel|x64
		{0CBA520C-713E-33D6-9E5F-9B432F57CB4D}.Release|x64.ActiveCfg = Release|x64
		{0CBA520C-713E-33D6-9E5F-9B432F57CB4D}.Release|x64.Build.0 = Release|x64
		{0CBA520C-713E-33D6-9E5F-9B432F57CB4D}.RelWithDebInfo|x64.ActiveCfg = RelWithDebInfo|x64
		{0CBA520C-713E-33D6-9E5F-9B432F57CB4D}.RelWithDebInfo|x64.Build.0 = RelWithDebInfo|x64
		{F43DB2B9-A821-3CE4-B71E-980554D79624}.Debug|x64.ActiveCfg = Debug|x64
		{F43DB2B9-A821-3CE4-B71E-980554D79624}.MinSizeRel|x64.ActiveCfg = MinSizeRel|x64
		{F43DB2B9-A821-3CE4-B71E-980554D79624}.Release|x64.ActiveCfg = Release|x64
		{F43DB2B9-A821-3CE4-B71E-980554D79624}.RelWithDebInfo|x64.ActiveCfg = RelWithDebInfo|x64
	EndGlobalSection
	GlobalSection(SolutionProperties) = preSolution
		HideSolutionNode = FALSE
	EndGlobalSection
	GlobalSection(ExtensibilityGlobals) = postSolution
		SolutionGuid = {7D1FDFD8-E5CB-3323-8A91-DD951A3BD7AB}
	EndGlobalSection
EndGlobal
